// !$*UTF8*$!
{
	archiveVersion = 1;
	classes = {
	};
	objectVersion = 56;
	objects = {

/* Begin PBXBuildFile section */
		7337DEE02BACE64B0028B3F8 /* AppDelegate.swift in Sources */ = {isa = PBXBuildFile; fileRef = 7337DEDF2BACE64B0028B3F8 /* AppDelegate.swift */; };
		7337DEE22BACE64B0028B3F8 /* SceneDelegate.swift in Sources */ = {isa = PBXBuildFile; fileRef = 7337DEE12BACE64B0028B3F8 /* SceneDelegate.swift */; };
		7337DEE42BACE64B0028B3F8 /* ViewController.swift in Sources */ = {isa = PBXBuildFile; fileRef = 7337DEE32BACE64B0028B3F8 /* ViewController.swift */; };
		7337DEE72BACE64B0028B3F8 /* Main.storyboard in Resources */ = {isa = PBXBuildFile; fileRef = 7337DEE52BACE64B0028B3F8 /* Main.storyboard */; };
		7337DEE92BACE64F0028B3F8 /* Assets.xcassets in Resources */ = {isa = PBXBuildFile; fileRef = 7337DEE82BACE64F0028B3F8 /* Assets.xcassets */; };
		7337DEEC2BACE64F0028B3F8 /* LaunchScreen.storyboard in Resources */ = {isa = PBXBuildFile; fileRef = 7337DEEA2BACE64F0028B3F8 /* LaunchScreen.storyboard */; };
		7337DEF72BACE6500028B3F8 /* SwiftFundamentalsTests.swift in Sources */ = {isa = PBXBuildFile; fileRef = 7337DEF62BACE6500028B3F8 /* SwiftFundamentalsTests.swift */; };
		7337DF012BACE6500028B3F8 /* SwiftFundamentalsUITests.swift in Sources */ = {isa = PBXBuildFile; fileRef = 7337DF002BACE6500028B3F8 /* SwiftFundamentalsUITests.swift */; };
		7337DF032BACE6500028B3F8 /* SwiftFundamentalsUITestsLaunchTests.swift in Sources */ = {isa = PBXBuildFile; fileRef = 7337DF022BACE6500028B3F8 /* SwiftFundamentalsUITestsLaunchTests.swift */; };
		73C756012BC87C2200C1A42F /* HelloAppInfo in Resources */ = {isa = PBXBuildFile; fileRef = 73C756002BC87C2200C1A42F /* HelloAppInfo */; };
		73C756032BC87FA200C1A42F /* HobbyTutorial.storyboard in Resources */ = {isa = PBXBuildFile; fileRef = 73C756022BC87FA100C1A42F /* HobbyTutorial.storyboard */; };
/* End PBXBuildFile section */

/* Begin PBXContainerItemProxy section */
		7337DEF32BACE6500028B3F8 /* PBXContainerItemProxy */ = {
			isa = PBXContainerItemProxy;
			containerPortal = 7337DED42BACE64B0028B3F8 /* Project object */;
			proxyType = 1;
			remoteGlobalIDString = 7337DEDB2BACE64B0028B3F8;
			remoteInfo = SwiftFundamentals;
		};
		7337DEFD2BACE6500028B3F8 /* PBXContainerItemProxy */ = {
			isa = PBXContainerItemProxy;
			containerPortal = 7337DED42BACE64B0028B3F8 /* Project object */;
			proxyType = 1;
			remoteGlobalIDString = 7337DEDB2BACE64B0028B3F8;
			remoteInfo = SwiftFundamentals;
		};
/* End PBXContainerItemProxy section */

/* Begin PBXFileReference section */
		7337DEDC2BACE64B0028B3F8 /* SwiftFundamentals.app */ = {isa = PBXFileReference; explicitFileType = wrapper.application; includeInIndex = 0; path = SwiftFundamentals.app; sourceTree = BUILT_PRODUCTS_DIR; };
		7337DEDF2BACE64B0028B3F8 /* AppDelegate.swift */ = {isa = PBXFileReference; lastKnownFileType = sourcecode.swift; path = AppDelegate.swift; sourceTree = "<group>"; };
		7337DEE12BACE64B0028B3F8 /* SceneDelegate.swift */ = {isa = PBXFileReference; lastKnownFileType = sourcecode.swift; path = SceneDelegate.swift; sourceTree = "<group>"; };
		7337DEE32BACE64B0028B3F8 /* ViewController.swift */ = {isa = PBXFileReference; lastKnownFileType = sourcecode.swift; path = ViewController.swift; sourceTree = "<group>"; };
		7337DEE62BACE64B0028B3F8 /* Base */ = {isa = PBXFileReference; lastKnownFileType = file.storyboard; name = Base; path = Base.lproj/Main.storyboard; sourceTree = "<group>"; };
		7337DEE82BACE64F0028B3F8 /* Assets.xcassets */ = {isa = PBXFileReference; lastKnownFileType = folder.assetcatalog; path = Assets.xcassets; sourceTree = "<group>"; };
		7337DEEB2BACE64F0028B3F8 /* Base */ = {isa = PBXFileReference; lastKnownFileType = file.storyboard; name = Base; path = Base.lproj/LaunchScreen.storyboard; sourceTree = "<group>"; };
		7337DEED2BACE64F0028B3F8 /* Info.plist */ = {isa = PBXFileReference; lastKnownFileType = text.plist.xml; path = Info.plist; sourceTree = "<group>"; };
		7337DEF22BACE6500028B3F8 /* SwiftFundamentalsTests.xctest */ = {isa = PBXFileReference; explicitFileType = wrapper.cfbundle; includeInIndex = 0; path = SwiftFundamentalsTests.xctest; sourceTree = BUILT_PRODUCTS_DIR; };
		7337DEF62BACE6500028B3F8 /* SwiftFundamentalsTests.swift */ = {isa = PBXFileReference; lastKnownFileType = sourcecode.swift; path = SwiftFundamentalsTests.swift; sourceTree = "<group>"; };
		7337DEFC2BACE6500028B3F8 /* SwiftFundamentalsUITests.xctest */ = {isa = PBXFileReference; explicitFileType = wrapper.cfbundle; includeInIndex = 0; path = SwiftFundamentalsUITests.xctest; sourceTree = BUILT_PRODUCTS_DIR; };
		7337DF002BACE6500028B3F8 /* SwiftFundamentalsUITests.swift */ = {isa = PBXFileReference; lastKnownFileType = sourcecode.swift; path = SwiftFundamentalsUITests.swift; sourceTree = "<group>"; };
		7337DF022BACE6500028B3F8 /* SwiftFundamentalsUITestsLaunchTests.swift */ = {isa = PBXFileReference; lastKnownFileType = sourcecode.swift; path = SwiftFundamentalsUITestsLaunchTests.swift; sourceTree = "<group>"; };
		73C756002BC87C2200C1A42F /* HelloAppInfo */ = {isa = PBXFileReference; lastKnownFileType = text; path = HelloAppInfo; sourceTree = "<group>"; };
		73C756022BC87FA100C1A42F /* HobbyTutorial.storyboard */ = {isa = PBXFileReference; lastKnownFileType = file.storyboard; path = HobbyTutorial.storyboard; sourceTree = "<group>"; };
/* End PBXFileReference section */

/* Begin PBXFrameworksBuildPhase section */
		7337DED92BACE64B0028B3F8 /* Frameworks */ = {
			isa = PBXFrameworksBuildPhase;
			buildActionMask = 2147483647;
			files = (
			);
			runOnlyForDeploymentPostprocessing = 0;
		};
		7337DEEF2BACE6500028B3F8 /* Frameworks */ = {
			isa = PBXFrameworksBuildPhase;
			buildActionMask = 2147483647;
			files = (
			);
			runOnlyForDeploymentPostprocessing = 0;
		};
		7337DEF92BACE6500028B3F8 /* Frameworks */ = {
			isa = PBXFrameworksBuildPhase;
			buildActionMask = 2147483647;
			files = (
			);
			runOnlyForDeploymentPostprocessing = 0;
		};
/* End PBXFrameworksBuildPhase section */

/* Begin PBXGroup section */
		7337DED32BACE64B0028B3F8 = {
			isa = PBXGroup;
			children = (
				7337DEDE2BACE64B0028B3F8 /* SwiftFundamentals */,
				7337DEF52BACE6500028B3F8 /* SwiftFundamentalsTests */,
				7337DEFF2BACE6500028B3F8 /* SwiftFundamentalsUITests */,
				7337DEDD2BACE64B0028B3F8 /* Products */,
			);
			sourceTree = "<group>";
		};
		7337DEDD2BACE64B0028B3F8 /* Products */ = {
			isa = PBXGroup;
			children = (
				7337DEDC2BACE64B0028B3F8 /* SwiftFundamentals.app */,
				7337DEF22BACE6500028B3F8 /* SwiftFundamentalsTests.xctest */,
				7337DEFC2BACE6500028B3F8 /* SwiftFundamentalsUITests.xctest */,
			);
			name = Products;
			sourceTree = "<group>";
		};
		7337DEDE2BACE64B0028B3F8 /* SwiftFundamentals */ = {
			isa = PBXGroup;
			children = (
				7337DEDF2BACE64B0028B3F8 /* AppDelegate.swift */,
				7337DEE12BACE64B0028B3F8 /* SceneDelegate.swift */,
				7337DEE32BACE64B0028B3F8 /* ViewController.swift */,
				7337DEE52BACE64B0028B3F8 /* Main.storyboard */,
				7337DEE82BACE64F0028B3F8 /* Assets.xcassets */,
				7337DEEA2BACE64F0028B3F8 /* LaunchScreen.storyboard */,
				7337DEED2BACE64F0028B3F8 /* Info.plist */,
				73C756002BC87C2200C1A42F /* HelloAppInfo */,
				73C756022BC87FA100C1A42F /* HobbyTutorial.storyboard */,
			);
			path = SwiftFundamentals;
			sourceTree = "<group>";
		};
		7337DEF52BACE6500028B3F8 /* SwiftFundamentalsTests */ = {
			isa = PBXGroup;
			children = (
				7337DEF62BACE6500028B3F8 /* SwiftFundamentalsTests.swift */,
			);
			path = SwiftFundamentalsTests;
			sourceTree = "<group>";
		};
		7337DEFF2BACE6500028B3F8 /* SwiftFundamentalsUITests */ = {
			isa = PBXGroup;
			children = (
				7337DF002BACE6500028B3F8 /* SwiftFundamentalsUITests.swift */,
				7337DF022BACE6500028B3F8 /* SwiftFundamentalsUITestsLaunchTests.swift */,
			);
			path = SwiftFundamentalsUITests;
			sourceTree = "<group>";
		};
/* End PBXGroup section */

/* Begin PBXNativeTarget section */
		7337DEDB2BACE64B0028B3F8 /* SwiftFundamentals */ = {
			isa = PBXNativeTarget;
			buildConfigurationList = 7337DF062BACE6500028B3F8 /* Build configuration list for PBXNativeTarget "SwiftFundamentals" */;
			buildPhases = (
				7337DED82BACE64B0028B3F8 /* Sources */,
				7337DED92BACE64B0028B3F8 /* Frameworks */,
				7337DEDA2BACE64B0028B3F8 /* Resources */,
			);
			buildRules = (
			);
			dependencies = (
			);
			name = SwiftFundamentals;
			productName = SwiftFundamentals;
			productReference = 7337DEDC2BACE64B0028B3F8 /* SwiftFundamentals.app */;
			productType = "com.apple.product-type.application";
		};
		7337DEF12BACE6500028B3F8 /* SwiftFundamentalsTests */ = {
			isa = PBXNativeTarget;
			buildConfigurationList = 7337DF092BACE6500028B3F8 /* Build configuration list for PBXNativeTarget "SwiftFundamentalsTests" */;
			buildPhases = (
				7337DEEE2BACE6500028B3F8 /* Sources */,
				7337DEEF2BACE6500028B3F8 /* Frameworks */,
				7337DEF02BACE6500028B3F8 /* Resources */,
			);
			buildRules = (
			);
			dependencies = (
				7337DEF42BACE6500028B3F8 /* PBXTargetDependency */,
			);
			name = SwiftFundamentalsTests;
			productName = SwiftFundamentalsTests;
			productReference = 7337DEF22BACE6500028B3F8 /* SwiftFundamentalsTests.xctest */;
			productType = "com.apple.product-type.bundle.unit-test";
		};
		7337DEFB2BACE6500028B3F8 /* SwiftFundamentalsUITests */ = {
			isa = PBXNativeTarget;
			buildConfigurationList = 7337DF0C2BACE6500028B3F8 /* Build configuration list for PBXNativeTarget "SwiftFundamentalsUITests" */;
			buildPhases = (
				7337DEF82BACE6500028B3F8 /* Sources */,
				7337DEF92BACE6500028B3F8 /* Frameworks */,
				7337DEFA2BACE6500028B3F8 /* Resources */,
			);
			buildRules = (
			);
			dependencies = (
				7337DEFE2BACE6500028B3F8 /* PBXTargetDependency */,
			);
			name = SwiftFundamentalsUITests;
			productName = SwiftFundamentalsUITests;
			productReference = 7337DEFC2BACE6500028B3F8 /* SwiftFundamentalsUITests.xctest */;
			productType = "com.apple.product-type.bundle.ui-testing";
		};
/* End PBXNativeTarget section */

/* Begin PBXProject section */
		7337DED42BACE64B0028B3F8 /* Project object */ = {
			isa = PBXProject;
			attributes = {
				BuildIndependentTargetsInParallel = 1;
				LastSwiftUpdateCheck = 1510;
				LastUpgradeCheck = 1510;
				TargetAttributes = {
					7337DEDB2BACE64B0028B3F8 = {
						CreatedOnToolsVersion = 15.1;
					};
					7337DEF12BACE6500028B3F8 = {
						CreatedOnToolsVersion = 15.1;
						TestTargetID = 7337DEDB2BACE64B0028B3F8;
					};
					7337DEFB2BACE6500028B3F8 = {
						CreatedOnToolsVersion = 15.1;
						TestTargetID = 7337DEDB2BACE64B0028B3F8;
					};
				};
			};
			buildConfigurationList = 7337DED72BACE64B0028B3F8 /* Build configuration list for PBXProject "SwiftFundamentals" */;
			compatibilityVersion = "Xcode 14.0";
			developmentRegion = en;
			hasScannedForEncodings = 0;
			knownRegions = (
				en,
				Base,
			);
			mainGroup = 7337DED32BACE64B0028B3F8;
			productRefGroup = 7337DEDD2BACE64B0028B3F8 /* Products */;
			projectDirPath = "";
			projectRoot = "";
			targets = (
				7337DEDB2BACE64B0028B3F8 /* SwiftFundamentals */,
				7337DEF12BACE6500028B3F8 /* SwiftFundamentalsTests */,
				7337DEFB2BACE6500028B3F8 /* SwiftFundamentalsUITests */,
			);
		};
/* End PBXProject section */

/* Begin PBXResourcesBuildPhase section */
		7337DEDA2BACE64B0028B3F8 /* Resources */ = {
			isa = PBXResourcesBuildPhase;
			buildActionMask = 2147483647;
			files = (
				7337DEEC2BACE64F0028B3F8 /* LaunchScreen.storyboard in Resources */,
				73C756012BC87C2200C1A42F /* HelloAppInfo in Resources */,
				7337DEE92BACE64F0028B3F8 /* Assets.xcassets in Resources */,
				7337DEE72BACE64B0028B3F8 /* Main.storyboard in Resources */,
				73C756032BC87FA200C1A42F /* HobbyTutorial.storyboard in Resources */,
			);
			runOnlyForDeploymentPostprocessing = 0;
		};
		7337DEF02BACE6500028B3F8 /* Resources */ = {
			isa = PBXResourcesBuildPhase;
			buildActionMask = 2147483647;
			files = (
			);
			runOnlyForDeploymentPostprocessing = 0;
		};
		7337DEFA2BACE6500028B3F8 /* Resources */ = {
			isa = PBXResourcesBuildPhase;
			buildActionMask = 2147483647;
			files = (
			);
			runOnlyForDeploymentPostprocessing = 0;
		};
/* End PBXResourcesBuildPhase section */

/* Begin PBXSourcesBuildPhase section */
		7337DED82BACE64B0028B3F8 /* Sources */ = {
			isa = PBXSourcesBuildPhase;
			buildActionMask = 2147483647;
			files = (
				7337DEE42BACE64B0028B3F8 /* ViewController.swift in Sources */,
				7337DEE02BACE64B0028B3F8 /* AppDelegate.swift in Sources */,
				7337DEE22BACE64B0028B3F8 /* SceneDelegate.swift in Sources */,
			);
			runOnlyForDeploymentPostprocessing = 0;
		};
		7337DEEE2BACE6500028B3F8 /* Sources */ = {
			isa = PBXSourcesBuildPhase;
			buildActionMask = 2147483647;
			files = (
				7337DEF72BACE6500028B3F8 /* SwiftFundamentalsTests.swift in Sources */,
			);
			runOnlyForDeploymentPostprocessing = 0;
		};
		7337DEF82BACE6500028B3F8 /* Sources */ = {
			isa = PBXSourcesBuildPhase;
			buildActionMask = 2147483647;
			files = (
				7337DF032BACE6500028B3F8 /* SwiftFundamentalsUITestsLaunchTests.swift in Sources */,
				7337DF012BACE6500028B3F8 /* SwiftFundamentalsUITests.swift in Sources */,
			);
			runOnlyForDeploymentPostprocessing = 0;
		};
/* End PBXSourcesBuildPhase section */

/* Begin PBXTargetDependency section */
		7337DEF42BACE6500028B3F8 /* PBXTargetDependency */ = {
			isa = PBXTargetDependency;
			target = 7337DEDB2BACE64B0028B3F8 /* SwiftFundamentals */;
			targetProxy = 7337DEF32BACE6500028B3F8 /* PBXContainerItemProxy */;
		};
		7337DEFE2BACE6500028B3F8 /* PBXTargetDependency */ = {
			isa = PBXTargetDependency;
			target = 7337DEDB2BACE64B0028B3F8 /* SwiftFundamentals */;
			targetProxy = 7337DEFD2BACE6500028B3F8 /* PBXContainerItemProxy */;
		};
/* End PBXTargetDependency section */

/* Begin PBXVariantGroup section */
		7337DEE52BACE64B0028B3F8 /* Main.storyboard */ = {
			isa = PBXVariantGroup;
			children = (
				7337DEE62BACE64B0028B3F8 /* Base */,
			);
			name = Main.storyboard;
			sourceTree = "<group>";
		};
		7337DEEA2BACE64F0028B3F8 /* LaunchScreen.storyboard */ = {
			isa = PBXVariantGroup;
			children = (
				7337DEEB2BACE64F0028B3F8 /* Base */,
			);
			name = LaunchScreen.storyboard;
			sourceTree = "<group>";
		};
/* End PBXVariantGroup section */

/* Begin XCBuildConfiguration section */
		7337DF042BACE6500028B3F8 /* Debug */ = {
			isa = XCBuildConfiguration;
			buildSettings = {
				ALWAYS_SEARCH_USER_PATHS = NO;
				ASSETCATALOG_COMPILER_GENERATE_SWIFT_ASSET_SYMBOL_EXTENSIONS = YES;
				CLANG_ANALYZER_NONNULL = YES;
				CLANG_ANALYZER_NUMBER_OBJECT_CONVERSION = YES_AGGRESSIVE;
				CLANG_CXX_LANGUAGE_STANDARD = "gnu++20";
				CLANG_ENABLE_MODULES = YES;
				CLANG_ENABLE_OBJC_ARC = YES;
				CLANG_ENABLE_OBJC_WEAK = YES;
				CLANG_WARN_BLOCK_CAPTURE_AUTORELEASING = YES;
				CLANG_WARN_BOOL_CONVERSION = YES;
				CLANG_WARN_COMMA = YES;
				CLANG_WARN_CONSTANT_CONVERSION = YES;
				CLANG_WARN_DEPRECATED_OBJC_IMPLEMENTATIONS = YES;
				CLANG_WARN_DIRECT_OBJC_ISA_USAGE = YES_ERROR;
				CLANG_WARN_DOCUMENTATION_COMMENTS = YES;
				CLANG_WARN_EMPTY_BODY = YES;
				CLANG_WARN_ENUM_CONVERSION = YES;
				CLANG_WARN_INFINITE_RECURSION = YES;
				CLANG_WARN_INT_CONVERSION = YES;
				CLANG_WARN_NON_LITERAL_NULL_CONVERSION = YES;
				CLANG_WARN_OBJC_IMPLICIT_RETAIN_SELF = YES;
				CLANG_WARN_OBJC_LITERAL_CONVERSION = YES;
				CLANG_WARN_OBJC_ROOT_CLASS = YES_ERROR;
				CLANG_WARN_QUOTED_INCLUDE_IN_FRAMEWORK_HEADER = YES;
				CLANG_WARN_RANGE_LOOP_ANALYSIS = YES;
				CLANG_WARN_STRICT_PROTOTYPES = YES;
				CLANG_WARN_SUSPICIOUS_MOVE = YES;
				CLANG_WARN_UNGUARDED_AVAILABILITY = YES_AGGRESSIVE;
				CLANG_WARN_UNREACHABLE_CODE = YES;
				CLANG_WARN__DUPLICATE_METHOD_MATCH = YES;
				COPY_PHASE_STRIP = NO;
				DEBUG_INFORMATION_FORMAT = dwarf;
				ENABLE_STRICT_OBJC_MSGSEND = YES;
				ENABLE_TESTABILITY = YES;
				ENABLE_USER_SCRIPT_SANDBOXING = YES;
				GCC_C_LANGUAGE_STANDARD = gnu17;
				GCC_DYNAMIC_NO_PIC = NO;
				GCC_NO_COMMON_BLOCKS = YES;
				GCC_OPTIMIZATION_LEVEL = 0;
				GCC_PREPROCESSOR_DEFINITIONS = (
					"DEBUG=1",
					"$(inherited)",
				);
				GCC_WARN_64_TO_32_BIT_CONVERSION = YES;
				GCC_WARN_ABOUT_RETURN_TYPE = YES_ERROR;
				GCC_WARN_UNDECLARED_SELECTOR = YES;
				GCC_WARN_UNINITIALIZED_AUTOS = YES_AGGRESSIVE;
				GCC_WARN_UNUSED_FUNCTION = YES;
				GCC_WARN_UNUSED_VARIABLE = YES;
				IPHONEOS_DEPLOYMENT_TARGET = 17.2;
				LOCALIZATION_PREFERS_STRING_CATALOGS = YES;
				MTL_ENABLE_DEBUG_INFO = INCLUDE_SOURCE;
				MTL_FAST_MATH = YES;
				ONLY_ACTIVE_ARCH = YES;
				SDKROOT = iphoneos;
				SWIFT_ACTIVE_COMPILATION_CONDITIONS = "DEBUG $(inherited)";
				SWIFT_OPTIMIZATION_LEVEL = "-Onone";
			};
			name = Debug;
		};
		7337DF052BACE6500028B3F8 /* Release */ = {
			isa = XCBuildConfiguration;
			buildSettings = {
				ALWAYS_SEARCH_USER_PATHS = NO;
				ASSETCATALOG_COMPILER_GENERATE_SWIFT_ASSET_SYMBOL_EXTENSIONS = YES;
				CLANG_ANALYZER_NONNULL = YES;
				CLANG_ANALYZER_NUMBER_OBJECT_CONVERSION = YES_AGGRESSIVE;
				CLANG_CXX_LANGUAGE_STANDARD = "gnu++20";
				CLANG_ENABLE_MODULES = YES;
				CLANG_ENABLE_OBJC_ARC = YES;
				CLANG_ENABLE_OBJC_WEAK = YES;
				CLANG_WARN_BLOCK_CAPTURE_AUTORELEASING = YES;
				CLANG_WARN_BOOL_CONVERSION = YES;
				CLANG_WARN_COMMA = YES;
				CLANG_WARN_CONSTANT_CONVERSION = YES;
				CLANG_WARN_DEPRECATED_OBJC_IMPLEMENTATIONS = YES;
				CLANG_WARN_DIRECT_OBJC_ISA_USAGE = YES_ERROR;
				CLANG_WARN_DOCUMENTATION_COMMENTS = YES;
				CLANG_WARN_EMPTY_BODY = YES;
				CLANG_WARN_ENUM_CONVERSION = YES;
				CLANG_WARN_INFINITE_RECURSION = YES;
				CLANG_WARN_INT_CONVERSION = YES;
				CLANG_WARN_NON_LITERAL_NULL_CONVERSION = YES;
				CLANG_WARN_OBJC_IMPLICIT_RETAIN_SELF = YES;
				CLANG_WARN_OBJC_LITERAL_CONVERSION = YES;
				CLANG_WARN_OBJC_ROOT_CLASS = YES_ERROR;
				CLANG_WARN_QUOTED_INCLUDE_IN_FRAMEWORK_HEADER = YES;
				CLANG_WARN_RANGE_LOOP_ANALYSIS = YES;
				CLANG_WARN_STRICT_PROTOTYPES = YES;
				CLANG_WARN_SUSPICIOUS_MOVE = YES;
				CLANG_WARN_UNGUARDED_AVAILABILITY = YES_AGGRESSIVE;
				CLANG_WARN_UNREACHABLE_CODE = YES;
				CLANG_WARN__DUPLICATE_METHOD_MATCH = YES;
				COPY_PHASE_STRIP = NO;
				DEBUG_INFORMATION_FORMAT = "dwarf-with-dsym";
				ENABLE_NS_ASSERTIONS = NO;
				ENABLE_STRICT_OBJC_MSGSEND = YES;
				ENABLE_USER_SCRIPT_SANDBOXING = YES;
				GCC_C_LANGUAGE_STANDARD = gnu17;
				GCC_NO_COMMON_BLOCKS = YES;
				GCC_WARN_64_TO_32_BIT_CONVERSION = YES;
				GCC_WARN_ABOUT_RETURN_TYPE = YES_ERROR;
				GCC_WARN_UNDECLARED_SELECTOR = YES;
				GCC_WARN_UNINITIALIZED_AUTOS = YES_AGGRESSIVE;
				GCC_WARN_UNUSED_FUNCTION = YES;
				GCC_WARN_UNUSED_VARIABLE = YES;
				IPHONEOS_DEPLOYMENT_TARGET = 17.2;
				LOCALIZATION_PREFERS_STRING_CATALOGS = YES;
				MTL_ENABLE_DEBUG_INFO = NO;
				MTL_FAST_MATH = YES;
				SDKROOT = iphoneos;
				SWIFT_COMPILATION_MODE = wholemodule;
				VALIDATE_PRODUCT = YES;
			};
			name = Release;
		};
		7337DF072BACE6500028B3F8 /* Debug */ = {
			isa = XCBuildConfiguration;
			buildSettings = {
				ASSETCATALOG_COMPILER_APPICON_NAME = AppIcon;
				ASSETCATALOG_COMPILER_GLOBAL_ACCENT_COLOR_NAME = AccentColor;
				CODE_SIGN_STYLE = Automatic;
				CURRENT_PROJECT_VERSION = 1;
				DEVELOPMENT_TEAM = NAMJ9SX752;
				GENERATE_INFOPLIST_FILE = YES;
				INFOPLIST_FILE = SwiftFundamentals/Info.plist;
				INFOPLIST_KEY_UIApplicationSupportsIndirectInputEvents = YES;
				INFOPLIST_KEY_UILaunchStoryboardName = LaunchScreen;
				INFOPLIST_KEY_UIMainStoryboardFile = Main;
				INFOPLIST_KEY_UISupportedInterfaceOrientations_iPad = "UIInterfaceOrientationPortrait UIInterfaceOrientationPortraitUpsideDown UIInterfaceOrientationLandscapeLeft UIInterfaceOrientationLandscapeRight";
				INFOPLIST_KEY_UISupportedInterfaceOrientations_iPhone = "UIInterfaceOrientationPortrait UIInterfaceOrientationLandscapeLeft UIInterfaceOrientationLandscapeRight";
				LD_RUNPATH_SEARCH_PATHS = (
					"$(inherited)",
					"@executable_path/Frameworks",
				);
				MARKETING_VERSION = 1.0;
				PRODUCT_BUNDLE_IDENTIFIER = Francesco.SwiftFundamentals;
				PRODUCT_NAME = "$(TARGET_NAME)";
				SWIFT_EMIT_LOC_STRINGS = YES;
				SWIFT_VERSION = 5.0;
				TARGETED_DEVICE_FAMILY = "1,2";
			};
			name = Debug;
		};
		7337DF082BACE6500028B3F8 /* Release */ = {
			isa = XCBuildConfiguration;
			buildSettings = {
				ASSETCATALOG_COMPILER_APPICON_NAME = AppIcon;
				ASSETCATALOG_COMPILER_GLOBAL_ACCENT_COLOR_NAME = AccentColor;
				CODE_SIGN_STYLE = Automatic;
				CURRENT_PROJECT_VERSION = 1;
				DEVELOPMENT_TEAM = NAMJ9SX752;
				GENERATE_INFOPLIST_FILE = YES;
				INFOPLIST_FILE = SwiftFundamentals/Info.plist;
				INFOPLIST_KEY_UIApplicationSupportsIndirectInputEvents = YES;
				INFOPLIST_KEY_UILaunchStoryboardName = LaunchScreen;
				INFOPLIST_KEY_UIMainStoryboardFile = Main;
				INFOPLIST_KEY_UISupportedInterfaceOrientations_iPad = "UIInterfaceOrientationPortrait UIInterfaceOrientationPortraitUpsideDown UIInterfaceOrientationLandscapeLeft UIInterfaceOrientationLandscapeRight";
				INFOPLIST_KEY_UISupportedInterfaceOrientations_iPhone = "UIInterfaceOrientationPortrait UIInterfaceOrientationLandscapeLeft UIInterfaceOrientationLandscapeRight";
				LD_RUNPATH_SEARCH_PATHS = (
					"$(inherited)",
					"@executable_path/Frameworks",
				);
				MARKETING_VERSION = 1.0;
				PRODUCT_BUNDLE_IDENTIFIER = Francesco.SwiftFundamentals;
				PRODUCT_NAME = "$(TARGET_NAME)";
				SWIFT_EMIT_LOC_STRINGS = YES;
				SWIFT_VERSION = 5.0;
				TARGETED_DEVICE_FAMILY = "1,2";
			};
			name = Release;
		};
		7337DF0A2BACE6500028B3F8 /* Debug */ = {
			isa = XCBuildConfiguration;
			buildSettings = {
				ALWAYS_EMBED_SWIFT_STANDARD_LIBRARIES = YES;
				BUNDLE_LOADER = "$(TEST_HOST)";
				CODE_SIGN_STYLE = Automatic;
				CURRENT_PROJECT_VERSION = 1;
				DEVELOPMENT_TEAM = NAMJ9SX752;
				GENERATE_INFOPLIST_FILE = YES;
				IPHONEOS_DEPLOYMENT_TARGET = 17.2;
				MARKETING_VERSION = 1.0;
				PRODUCT_BUNDLE_IDENTIFIER = Francesco.SwiftFundamentalsTests;
				PRODUCT_NAME = "$(TARGET_NAME)";
				SWIFT_EMIT_LOC_STRINGS = NO;
				SWIFT_VERSION = 5.0;
				TARGETED_DEVICE_FAMILY = "1,2";
				TEST_HOST = "$(BUILT_PRODUCTS_DIR)/SwiftFundamentals.app/$(BUNDLE_EXECUTABLE_FOLDER_PATH)/SwiftFundamentals";
			};
			name = Debug;
		};
		7337DF0B2BACE6500028B3F8 /* Release */ = {
			isa = XCBuildConfiguration;
			buildSettings = {
				ALWAYS_EMBED_SWIFT_STANDARD_LIBRARIES = YES;
				BUNDLE_LOADER = "$(TEST_HOST)";
				CODE_SIGN_STYLE = Automatic;
				CURRENT_PROJECT_VERSION = 1;
				DEVELOPMENT_TEAM = NAMJ9SX752;
				GENERATE_INFOPLIST_FILE = YES;
				IPHONEOS_DEPLOYMENT_TARGET = 17.2;
				MARKETING_VERSION = 1.0;
				PRODUCT_BUNDLE_IDENTIFIER = Francesco.SwiftFundamentalsTests;
				PRODUCT_NAME = "$(TARGET_NAME)";
				SWIFT_EMIT_LOC_STRINGS = NO;
				SWIFT_VERSION = 5.0;
				TARGETED_DEVICE_FAMILY = "1,2";
				TEST_HOST = "$(BUILT_PRODUCTS_DIR)/SwiftFundamentals.app/$(BUNDLE_EXECUTABLE_FOLDER_PATH)/SwiftFundamentals";
			};
			name = Release;
		};
		7337DF0D2BACE6500028B3F8 /* Debug */ = {
			isa = XCBuildConfiguration;
			buildSettings = {
				ALWAYS_EMBED_SWIFT_STANDARD_LIBRARIES = YES;
				CODE_SIGN_STYLE = Automatic;
				CURRENT_PROJECT_VERSION = 1;
				DEVELOPMENT_TEAM = NAMJ9SX752;
				GENERATE_INFOPLIST_FILE = YES;
				MARKETING_VERSION = 1.0;
				PRODUCT_BUNDLE_IDENTIFIER = Francesco.SwiftFundamentalsUITests;
				PRODUCT_NAME = "$(TARGET_NAME)";
				SWIFT_EMIT_LOC_STRINGS = NO;
				SWIFT_VERSION = 5.0;
				TARGETED_DEVICE_FAMILY = "1,2";
				TEST_TARGET_NAME = SwiftFundamentals;
			};
			name = Debug;
		};
		7337DF0E2BACE6500028B3F8 /* Release */ = {
			isa = XCBuildConfiguration;
			buildSettings = {
				ALWAYS_EMBED_SWIFT_STANDARD_LIBRARIES = YES;
				CODE_SIGN_STYLE = Automatic;
				CURRENT_PROJECT_VERSION = 1;
				DEVELOPMENT_TEAM = NAMJ9SX752;
				GENERATE_INFOPLIST_FILE = YES;
				MARKETING_VERSION = 1.0;
				PRODUCT_BUNDLE_IDENTIFIER = Francesco.SwiftFundamentalsUITests;
				PRODUCT_NAME = "$(TARGET_NAME)";
				SWIFT_EMIT_LOC_STRINGS = NO;
				SWIFT_VERSION = 5.0;
				TARGETED_DEVICE_FAMILY = "1,2";
				TEST_TARGET_NAME = SwiftFundamentals;
			};
			name = Release;
		};
/* End XCBuildConfiguration section */

/* Begin XCConfigurationList section */
		7337DED72BACE64B0028B3F8 /* Build configuration list for PBXProject "SwiftFundamentals" */ = {
			isa = XCConfigurationList;
			buildConfigurations = (
				7337DF042BACE6500028B3F8 /* Debug */,
				7337DF052BACE6500028B3F8 /* Release */,
			);
			defaultConfigurationIsVisible = 0;
			defaultConfigurationName = Release;
		};
		7337DF062BACE6500028B3F8 /* Build configuration list for PBXNativeTarget "SwiftFundamentals" */ = {
			isa = XCConfigurationList;
			buildConfigurations = (
				7337DF072BACE6500028B3F8 /* Debug */,
				7337DF082BACE6500028B3F8 /* Release */,
			);
			defaultConfigurationIsVisible = 0;
			defaultConfigurationName = Release;
		};
		7337DF092BACE6500028B3F8 /* Build configuration list for PBXNativeTarget "SwiftFundamentalsTests" */ = {
			isa = XCConfigurationList;
			buildConfigurations = (
				7337DF0A2BACE6500028B3F8 /* Debug */,
				7337DF0B2BACE6500028B3F8 /* Release */,
			);
			defaultConfigurationIsVisible = 0;
			defaultConfigurationName = Release;
		};
		7337DF0C2BACE6500028B3F8 /* Build configuration list for PBXNativeTarget "SwiftFundamentalsUITests" */ = {
			isa = XCConfigurationList;
			buildConfigurations = (
				7337DF0D2BACE6500028B3F8 /* Debug */,
				7337DF0E2BACE6500028B3F8 /* Release */,
			);
			defaultConfigurationIsVisible = 0;
			defaultConfigurationName = Release;
		};
/* End XCConfigurationList section */
	};
	rootObject = 7337DED42BACE64B0028B3F8 /* Project object */;
}
